// !$*UTF8*$!
{
	archiveVersion = 1;
	classes = {
	};
	objectVersion = 55;
	objects = {

/* Begin PBXBuildFile section */
		114CBD4D290947DD00695106 /* NetworkTask.swift in Sources */ = {isa = PBXBuildFile; fileRef = 114CBD4C290947DD00695106 /* NetworkTask.swift */; };
		114CBD4F2909487F00695106 /* Recipe.swift in Sources */ = {isa = PBXBuildFile; fileRef = 114CBD4E2909487F00695106 /* Recipe.swift */; };
		114CBD512909489900695106 /* RecipeBrief.swift in Sources */ = {isa = PBXBuildFile; fileRef = 114CBD502909489900695106 /* RecipeBrief.swift */; };
		114CBD532909496400695106 /* RecipeListElement.swift in Sources */ = {isa = PBXBuildFile; fileRef = 114CBD522909496400695106 /* RecipeListElement.swift */; };
		114CBD562909499600695106 /* RecipeResponse.swift in Sources */ = {isa = PBXBuildFile; fileRef = 114CBD552909499600695106 /* RecipeResponse.swift */; };
		114CBD59290949D200695106 /* RecipeListResponse.swift in Sources */ = {isa = PBXBuildFile; fileRef = 114CBD58290949D200695106 /* RecipeListResponse.swift */; };
		114CBD5B29094A0400695106 /* RecipeDataRaw.swift in Sources */ = {isa = PBXBuildFile; fileRef = 114CBD5A29094A0400695106 /* RecipeDataRaw.swift */; };
		114CBD5D29094AB500695106 /* Errors.swift in Sources */ = {isa = PBXBuildFile; fileRef = 114CBD5C29094AB500695106 /* Errors.swift */; };
		116E3CB029097B9B005F73DD /* R.generated.swift in Sources */ = {isa = PBXBuildFile; fileRef = 116E3CAF29097B9B005F73DD /* R.generated.swift */; };
		116E3CBD29098DBE005F73DD /* SearchCase.swift in Sources */ = {isa = PBXBuildFile; fileRef = 116E3CBC29098DBE005F73DD /* SearchCase.swift */; };
		116E3CC229098E2A005F73DD /* SortCase.swift in Sources */ = {isa = PBXBuildFile; fileRef = 116E3CC129098E2A005F73DD /* SortCase.swift */; };
		11A2A06428EA06FF00AD9EC5 /* Coordinator.swift in Sources */ = {isa = PBXBuildFile; fileRef = 11A2A06328EA06FF00AD9EC5 /* Coordinator.swift */; };
		11E9F93628DA62F90040D7B3 /* MainViewController.swift in Sources */ = {isa = PBXBuildFile; fileRef = 11E9F93528DA62F90040D7B3 /* MainViewController.swift */; };
		11E9F93C28DA62F90040D7B3 /* Recipes.xcdatamodeld in Sources */ = {isa = PBXBuildFile; fileRef = 11E9F93A28DA62F90040D7B3 /* Recipes.xcdatamodeld */; };
		11E9F93E28DA62FB0040D7B3 /* Assets.xcassets in Resources */ = {isa = PBXBuildFile; fileRef = 11E9F93D28DA62FB0040D7B3 /* Assets.xcassets */; };
		11E9F94128DA62FB0040D7B3 /* LaunchScreen.storyboard in Resources */ = {isa = PBXBuildFile; fileRef = 11E9F93F28DA62FB0040D7B3 /* LaunchScreen.storyboard */; };
		11E9F95128DA65CA0040D7B3 /* AppDelegate.swift in Sources */ = {isa = PBXBuildFile; fileRef = 11E9F95028DA65CA0040D7B3 /* AppDelegate.swift */; };
		3FE1834D24741F6C20D81A94 /* Pods_Recipes.framework in Frameworks */ = {isa = PBXBuildFile; fileRef = B659589DC0C00FFDEFD7AA83 /* Pods_Recipes.framework */; };
/* End PBXBuildFile section */

/* Begin PBXFileReference section */
		114CBD4C290947DD00695106 /* NetworkTask.swift */ = {isa = PBXFileReference; lastKnownFileType = sourcecode.swift; path = NetworkTask.swift; sourceTree = "<group>"; };
		114CBD4E2909487F00695106 /* Recipe.swift */ = {isa = PBXFileReference; lastKnownFileType = sourcecode.swift; path = Recipe.swift; sourceTree = "<group>"; };
		114CBD502909489900695106 /* RecipeBrief.swift */ = {isa = PBXFileReference; lastKnownFileType = sourcecode.swift; path = RecipeBrief.swift; sourceTree = "<group>"; };
		114CBD522909496400695106 /* RecipeListElement.swift */ = {isa = PBXFileReference; lastKnownFileType = sourcecode.swift; path = RecipeListElement.swift; sourceTree = "<group>"; };
		114CBD552909499600695106 /* RecipeResponse.swift */ = {isa = PBXFileReference; lastKnownFileType = sourcecode.swift; path = RecipeResponse.swift; sourceTree = "<group>"; };
		114CBD58290949D200695106 /* RecipeListResponse.swift */ = {isa = PBXFileReference; lastKnownFileType = sourcecode.swift; path = RecipeListResponse.swift; sourceTree = "<group>"; };
		114CBD5A29094A0400695106 /* RecipeDataRaw.swift */ = {isa = PBXFileReference; lastKnownFileType = sourcecode.swift; path = RecipeDataRaw.swift; sourceTree = "<group>"; };
		114CBD5C29094AB500695106 /* Errors.swift */ = {isa = PBXFileReference; lastKnownFileType = sourcecode.swift; path = Errors.swift; sourceTree = "<group>"; };
		116E3CAF29097B9B005F73DD /* R.generated.swift */ = {isa = PBXFileReference; fileEncoding = 4; lastKnownFileType = sourcecode.swift; path = R.generated.swift; sourceTree = SOURCE_ROOT; };
		116E3CBC29098DBE005F73DD /* SearchCase.swift */ = {isa = PBXFileReference; fileEncoding = 4; lastKnownFileType = sourcecode.swift; path = SearchCase.swift; sourceTree = "<group>"; };
		116E3CC129098E2A005F73DD /* SortCase.swift */ = {isa = PBXFileReference; lastKnownFileType = sourcecode.swift; path = SortCase.swift; sourceTree = "<group>"; };
		11A2A06328EA06FF00AD9EC5 /* Coordinator.swift */ = {isa = PBXFileReference; lastKnownFileType = sourcecode.swift; path = Coordinator.swift; sourceTree = "<group>"; };
		11E9F92E28DA62F90040D7B3 /* Recipes.app */ = {isa = PBXFileReference; explicitFileType = wrapper.application; includeInIndex = 0; path = Recipes.app; sourceTree = BUILT_PRODUCTS_DIR; };
		11E9F93528DA62F90040D7B3 /* MainViewController.swift */ = {isa = PBXFileReference; lastKnownFileType = sourcecode.swift; path = MainViewController.swift; sourceTree = "<group>"; };
		11E9F93B28DA62F90040D7B3 /* Recipes.xcdatamodel */ = {isa = PBXFileReference; lastKnownFileType = wrapper.xcdatamodel; path = Recipes.xcdatamodel; sourceTree = "<group>"; };
		11E9F93D28DA62FB0040D7B3 /* Assets.xcassets */ = {isa = PBXFileReference; lastKnownFileType = folder.assetcatalog; path = Assets.xcassets; sourceTree = "<group>"; };
		11E9F94028DA62FB0040D7B3 /* Base */ = {isa = PBXFileReference; lastKnownFileType = file.storyboard; name = Base; path = Base.lproj/LaunchScreen.storyboard; sourceTree = "<group>"; };
		11E9F94228DA62FB0040D7B3 /* Info.plist */ = {isa = PBXFileReference; lastKnownFileType = text.plist.xml; path = Info.plist; sourceTree = "<group>"; };
		11E9F95028DA65CA0040D7B3 /* AppDelegate.swift */ = {isa = PBXFileReference; lastKnownFileType = sourcecode.swift; path = AppDelegate.swift; sourceTree = "<group>"; };
		5644FBC5471E566D2DE719C7 /* Pods-Recipes.release.xcconfig */ = {isa = PBXFileReference; includeInIndex = 1; lastKnownFileType = text.xcconfig; name = "Pods-Recipes.release.xcconfig"; path = "Target Support Files/Pods-Recipes/Pods-Recipes.release.xcconfig"; sourceTree = "<group>"; };
		B659589DC0C00FFDEFD7AA83 /* Pods_Recipes.framework */ = {isa = PBXFileReference; explicitFileType = wrapper.framework; includeInIndex = 0; path = Pods_Recipes.framework; sourceTree = BUILT_PRODUCTS_DIR; };
		FF55F4CEB1817B31FF7D6A50 /* Pods-Recipes.debug.xcconfig */ = {isa = PBXFileReference; includeInIndex = 1; lastKnownFileType = text.xcconfig; name = "Pods-Recipes.debug.xcconfig"; path = "Target Support Files/Pods-Recipes/Pods-Recipes.debug.xcconfig"; sourceTree = "<group>"; };
/* End PBXFileReference section */

/* Begin PBXFrameworksBuildPhase section */
		11E9F92B28DA62F90040D7B3 /* Frameworks */ = {
			isa = PBXFrameworksBuildPhase;
			buildActionMask = 2147483647;
			files = (
				3FE1834D24741F6C20D81A94 /* Pods_Recipes.framework in Frameworks */,
			);
			runOnlyForDeploymentPostprocessing = 0;
		};
/* End PBXFrameworksBuildPhase section */

/* Begin PBXGroup section */
		0DCD7F0CD85140B558FC82EA /* Frameworks */ = {
			isa = PBXGroup;
			children = (
				B659589DC0C00FFDEFD7AA83 /* Pods_Recipes.framework */,
			);
			name = Frameworks;
			sourceTree = "<group>";
		};
		114CBD462909464C00695106 /* Services */ = {
			isa = PBXGroup;
			children = (
				114CBD492909475C00695106 /* Models */,
				114CBD482909472C00695106 /* DTO */,
				114CBD472909472300695106 /* Core */,
			);
			path = Services;
			sourceTree = "<group>";
		};
		114CBD472909472300695106 /* Core */ = {
			isa = PBXGroup;
			children = (
				114CBD4C290947DD00695106 /* NetworkTask.swift */,
				114CBD5C29094AB500695106 /* Errors.swift */,
			);
			path = Core;
			sourceTree = "<group>";
		};
		114CBD482909472C00695106 /* DTO */ = {
			isa = PBXGroup;
			children = (
				114CBD4E2909487F00695106 /* Recipe.swift */,
				114CBD502909489900695106 /* RecipeBrief.swift */,
				114CBD522909496400695106 /* RecipeListElement.swift */,
				114CBD552909499600695106 /* RecipeResponse.swift */,
				114CBD58290949D200695106 /* RecipeListResponse.swift */,
			);
			path = DTO;
			sourceTree = "<group>";
		};
		114CBD492909475C00695106 /* Models */ = {
			isa = PBXGroup;
			children = (
				114CBD5A29094A0400695106 /* RecipeDataRaw.swift */,
			);
			path = Models;
			sourceTree = "<group>";
		};
		116E3CBB29098DBE005F73DD /* Model */ = {
			isa = PBXGroup;
			children = (
				116E3CBC29098DBE005F73DD /* SearchCase.swift */,
				116E3CC129098E2A005F73DD /* SortCase.swift */,
			);
			name = Model;
			path = MainScreen/Model;
			sourceTree = "<group>";
		};
		116E3CBE29098DCD005F73DD /* ViewModel */ = {
			isa = PBXGroup;
			children = (
			);
			name = ViewModel;
			path = MainScreen/ViewModel;
			sourceTree = "<group>";
		};
		116E3CBF29098DD4005F73DD /* Views */ = {
			isa = PBXGroup;
			children = (
			);
			name = Views;
			path = MainScreen/Views;
			sourceTree = "<group>";
		};
		116E3CC029098DE1005F73DD /* Controllers */ = {
			isa = PBXGroup;
			children = (
				11E9F93528DA62F90040D7B3 /* MainViewController.swift */,
			);
			path = Controllers;
			sourceTree = "<group>";
		};
		11A2A06228EA06CA00AD9EC5 /* Coordinator */ = {
			isa = PBXGroup;
			children = (
				11A2A06328EA06FF00AD9EC5 /* Coordinator.swift */,
			);
			path = Coordinator;
			sourceTree = "<group>";
		};
		11E9F92528DA62F90040D7B3 = {
			isa = PBXGroup;
			children = (
				11E9F93028DA62F90040D7B3 /* Recipes */,
				11E9F92F28DA62F90040D7B3 /* Products */,
				A2369C7772F57B760DCD300C /* Pods */,
				0DCD7F0CD85140B558FC82EA /* Frameworks */,
			);
			sourceTree = "<group>";
		};
		11E9F92F28DA62F90040D7B3 /* Products */ = {
			isa = PBXGroup;
			children = (
				11E9F92E28DA62F90040D7B3 /* Recipes.app */,
			);
			name = Products;
			sourceTree = "<group>";
		};
		11E9F93028DA62F90040D7B3 /* Recipes */ = {
			isa = PBXGroup;
			children = (
				11E9F94828DA63050040D7B3 /* Sources */,
				11E9F94928DA632E0040D7B3 /* Resources */,
				11E9F93A28DA62F90040D7B3 /* Recipes.xcdatamodeld */,
			);
			path = Recipes;
			sourceTree = "<group>";
		};
		11E9F94828DA63050040D7B3 /* Sources */ = {
			isa = PBXGroup;
			children = (
				114CBD462909464C00695106 /* Services */,
				11E9F94A28DA637F0040D7B3 /* Modules */,
				11E9F95228DA66210040D7B3 /* Supporting */,
			);
			path = Sources;
			sourceTree = "<group>";
		};
		11E9F94928DA632E0040D7B3 /* Resources */ = {
			isa = PBXGroup;
			children = (
				116E3CAF29097B9B005F73DD /* R.generated.swift */,
				11E9F93D28DA62FB0040D7B3 /* Assets.xcassets */,
				11E9F93F28DA62FB0040D7B3 /* LaunchScreen.storyboard */,
				11E9F94228DA62FB0040D7B3 /* Info.plist */,
			);
			path = Resources;
			sourceTree = "<group>";
		};
		11E9F94A28DA637F0040D7B3 /* Modules */ = {
			isa = PBXGroup;
			children = (
				116E3CBB29098DBE005F73DD /* Model */,
				116E3CBE29098DCD005F73DD /* ViewModel */,
				116E3CBF29098DD4005F73DD /* Views */,
				116E3CC029098DE1005F73DD /* Controllers */,
			);
			path = Modules;
			sourceTree = "<group>";
		};
		11E9F94B28DA63900040D7B3 /* Application */ = {
			isa = PBXGroup;
			children = (
				11E9F95028DA65CA0040D7B3 /* AppDelegate.swift */,
			);
			path = Application;
			sourceTree = "<group>";
		};
		11E9F95228DA66210040D7B3 /* Supporting */ = {
			isa = PBXGroup;
			children = (
				11A2A06228EA06CA00AD9EC5 /* Coordinator */,
				11E9F94B28DA63900040D7B3 /* Application */,
			);
			path = Supporting;
			sourceTree = "<group>";
		};
		A2369C7772F57B760DCD300C /* Pods */ = {
			isa = PBXGroup;
			children = (
				FF55F4CEB1817B31FF7D6A50 /* Pods-Recipes.debug.xcconfig */,
				5644FBC5471E566D2DE719C7 /* Pods-Recipes.release.xcconfig */,
			);
			path = Pods;
			sourceTree = "<group>";
		};
/* End PBXGroup section */

/* Begin PBXNativeTarget section */
		11E9F92D28DA62F90040D7B3 /* Recipes */ = {
			isa = PBXNativeTarget;
			buildConfigurationList = 11E9F94528DA62FB0040D7B3 /* Build configuration list for PBXNativeTarget "Recipes" */;
			buildPhases = (
				5C169A411991985938A55936 /* [CP] Check Pods Manifest.lock */,
				1103178A2909539700EE8DD8 /* SwiftLint */,
				1103178B290954C600EE8DD8 /* R.swift */,
				11E9F92A28DA62F90040D7B3 /* Sources */,
				11E9F92B28DA62F90040D7B3 /* Frameworks */,
				11E9F92C28DA62F90040D7B3 /* Resources */,
				E8CD48F9E73DE44C8FF0EBAB /* [CP] Embed Pods Frameworks */,
			);
			buildRules = (
			);
			dependencies = (
			);
			name = Recipes;
			productName = Recipes;
			productReference = 11E9F92E28DA62F90040D7B3 /* Recipes.app */;
			productType = "com.apple.product-type.application";
		};
/* End PBXNativeTarget section */

/* Begin PBXProject section */
		11E9F92628DA62F90040D7B3 /* Project object */ = {
			isa = PBXProject;
			attributes = {
				BuildIndependentTargetsInParallel = 1;
				KnownAssetTags = (
					New,
				);
				LastSwiftUpdateCheck = 1400;
				LastUpgradeCheck = 1400;
				TargetAttributes = {
					11E9F92D28DA62F90040D7B3 = {
						CreatedOnToolsVersion = 14.0;
					};
				};
			};
			buildConfigurationList = 11E9F92928DA62F90040D7B3 /* Build configuration list for PBXProject "Recipes" */;
			compatibilityVersion = "Xcode 13.0";
			developmentRegion = en;
			hasScannedForEncodings = 0;
			knownRegions = (
				en,
				Base,
			);
			mainGroup = 11E9F92528DA62F90040D7B3;
			productRefGroup = 11E9F92F28DA62F90040D7B3 /* Products */;
			projectDirPath = "";
			projectRoot = "";
			targets = (
				11E9F92D28DA62F90040D7B3 /* Recipes */,
			);
		};
/* End PBXProject section */

/* Begin PBXResourcesBuildPhase section */
		11E9F92C28DA62F90040D7B3 /* Resources */ = {
			isa = PBXResourcesBuildPhase;
			buildActionMask = 2147483647;
			files = (
				11E9F94128DA62FB0040D7B3 /* LaunchScreen.storyboard in Resources */,
				11E9F93E28DA62FB0040D7B3 /* Assets.xcassets in Resources */,
			);
			runOnlyForDeploymentPostprocessing = 0;
		};
/* End PBXResourcesBuildPhase section */

/* Begin PBXShellScriptBuildPhase section */
		1103178A2909539700EE8DD8 /* SwiftLint */ = {
			isa = PBXShellScriptBuildPhase;
			alwaysOutOfDate = 1;
			buildActionMask = 2147483647;
			files = (
			);
			inputFileListPaths = (
			);
			inputPaths = (
			);
			name = SwiftLint;
			outputFileListPaths = (
			);
			outputPaths = (
			);
			runOnlyForDeploymentPostprocessing = 0;
			shellPath = /bin/sh;
			shellScript = "\"${PODS_ROOT}/SwiftLint/swiftlint\"\n";
		};
		1103178B290954C600EE8DD8 /* R.swift */ = {
			isa = PBXShellScriptBuildPhase;
			alwaysOutOfDate = 1;
			buildActionMask = 12;
			files = (
			);
			inputFileListPaths = (
			);
			inputPaths = (
			);
			name = R.swift;
			outputFileListPaths = (
			);
			outputPaths = (
				$SRCROOT/R.generated.swift,
			);
			runOnlyForDeploymentPostprocessing = 0;
			shellPath = /bin/sh;
			shellScript = "\"$PODS_ROOT/R.swift/rswift\" generate \"$SRCROOT/R.generated.swift\"\n";
		};
		5C169A411991985938A55936 /* [CP] Check Pods Manifest.lock */ = {
			isa = PBXShellScriptBuildPhase;
			buildActionMask = 2147483647;
			files = (
			);
			inputFileListPaths = (
			);
			inputPaths = (
				"${PODS_PODFILE_DIR_PATH}/Podfile.lock",
				"${PODS_ROOT}/Manifest.lock",
			);
			name = "[CP] Check Pods Manifest.lock";
			outputFileListPaths = (
			);
			outputPaths = (
				"$(DERIVED_FILE_DIR)/Pods-Recipes-checkManifestLockResult.txt",
			);
			runOnlyForDeploymentPostprocessing = 0;
			shellPath = /bin/sh;
			shellScript = "diff \"${PODS_PODFILE_DIR_PATH}/Podfile.lock\" \"${PODS_ROOT}/Manifest.lock\" > /dev/null\nif [ $? != 0 ] ; then\n    # print error to STDERR\n    echo \"error: The sandbox is not in sync with the Podfile.lock. Run 'pod install' or update your CocoaPods installation.\" >&2\n    exit 1\nfi\n# This output is used by Xcode 'outputs' to avoid re-running this script phase.\necho \"SUCCESS\" > \"${SCRIPT_OUTPUT_FILE_0}\"\n";
			showEnvVarsInLog = 0;
		};
		E8CD48F9E73DE44C8FF0EBAB /* [CP] Embed Pods Frameworks */ = {
			isa = PBXShellScriptBuildPhase;
			buildActionMask = 2147483647;
			files = (
			);
			inputFileListPaths = (
				"${PODS_ROOT}/Target Support Files/Pods-Recipes/Pods-Recipes-frameworks-${CONFIGURATION}-input-files.xcfilelist",
			);
			name = "[CP] Embed Pods Frameworks";
			outputFileListPaths = (
				"${PODS_ROOT}/Target Support Files/Pods-Recipes/Pods-Recipes-frameworks-${CONFIGURATION}-output-files.xcfilelist",
			);
			runOnlyForDeploymentPostprocessing = 0;
			shellPath = /bin/sh;
			shellScript = "\"${PODS_ROOT}/Target Support Files/Pods-Recipes/Pods-Recipes-frameworks.sh\"\n";
			showEnvVarsInLog = 0;
		};
/* End PBXShellScriptBuildPhase section */

/* Begin PBXSourcesBuildPhase section */
		11E9F92A28DA62F90040D7B3 /* Sources */ = {
			isa = PBXSourcesBuildPhase;
			buildActionMask = 2147483647;
			files = (
				114CBD532909496400695106 /* RecipeListElement.swift in Sources */,
				11A2A06428EA06FF00AD9EC5 /* Coordinator.swift in Sources */,
				114CBD59290949D200695106 /* RecipeListResponse.swift in Sources */,
				114CBD4D290947DD00695106 /* NetworkTask.swift in Sources */,
				114CBD5D29094AB500695106 /* Errors.swift in Sources */,
				11E9F95128DA65CA0040D7B3 /* AppDelegate.swift in Sources */,
				116E3CB029097B9B005F73DD /* R.generated.swift in Sources */,
				114CBD4F2909487F00695106 /* Recipe.swift in Sources */,
				11E9F93628DA62F90040D7B3 /* MainViewController.swift in Sources */,
				11E9F93C28DA62F90040D7B3 /* Recipes.xcdatamodeld in Sources */,
				114CBD512909489900695106 /* RecipeBrief.swift in Sources */,
				114CBD5B29094A0400695106 /* RecipeDataRaw.swift in Sources */,
				114CBD562909499600695106 /* RecipeResponse.swift in Sources */,
				116E3CBD29098DBE005F73DD /* SearchCase.swift in Sources */,
				116E3CC229098E2A005F73DD /* SortCase.swift in Sources */,
			);
			runOnlyForDeploymentPostprocessing = 0;
		};
/* End PBXSourcesBuildPhase section */

/* Begin PBXVariantGroup section */
		11E9F93F28DA62FB0040D7B3 /* LaunchScreen.storyboard */ = {
			isa = PBXVariantGroup;
			children = (
				11E9F94028DA62FB0040D7B3 /* Base */,
			);
			name = LaunchScreen.storyboard;
			sourceTree = "<group>";
		};
/* End PBXVariantGroup section */

/* Begin XCBuildConfiguration section */
		11E9F94328DA62FB0040D7B3 /* Debug */ = {
			isa = XCBuildConfiguration;
			buildSettings = {
				ALWAYS_SEARCH_USER_PATHS = NO;
				CLANG_ANALYZER_NONNULL = YES;
				CLANG_ANALYZER_NUMBER_OBJECT_CONVERSION = YES_AGGRESSIVE;
				CLANG_CXX_LANGUAGE_STANDARD = "gnu++20";
				CLANG_ENABLE_MODULES = YES;
				CLANG_ENABLE_OBJC_ARC = YES;
				CLANG_ENABLE_OBJC_WEAK = YES;
				CLANG_WARN_BLOCK_CAPTURE_AUTORELEASING = YES;
				CLANG_WARN_BOOL_CONVERSION = YES;
				CLANG_WARN_COMMA = YES;
				CLANG_WARN_CONSTANT_CONVERSION = YES;
				CLANG_WARN_DEPRECATED_OBJC_IMPLEMENTATIONS = YES;
				CLANG_WARN_DIRECT_OBJC_ISA_USAGE = YES_ERROR;
				CLANG_WARN_DOCUMENTATION_COMMENTS = YES;
				CLANG_WARN_EMPTY_BODY = YES;
				CLANG_WARN_ENUM_CONVERSION = YES;
				CLANG_WARN_INFINITE_RECURSION = YES;
				CLANG_WARN_INT_CONVERSION = YES;
				CLANG_WARN_NON_LITERAL_NULL_CONVERSION = YES;
				CLANG_WARN_OBJC_IMPLICIT_RETAIN_SELF = YES;
				CLANG_WARN_OBJC_LITERAL_CONVERSION = YES;
				CLANG_WARN_OBJC_ROOT_CLASS = YES_ERROR;
				CLANG_WARN_QUOTED_INCLUDE_IN_FRAMEWORK_HEADER = YES;
				CLANG_WARN_RANGE_LOOP_ANALYSIS = YES;
				CLANG_WARN_STRICT_PROTOTYPES = YES;
				CLANG_WARN_SUSPICIOUS_MOVE = YES;
				CLANG_WARN_UNGUARDED_AVAILABILITY = YES_AGGRESSIVE;
				CLANG_WARN_UNREACHABLE_CODE = YES;
				CLANG_WARN__DUPLICATE_METHOD_MATCH = YES;
				COPY_PHASE_STRIP = NO;
				DEBUG_INFORMATION_FORMAT = dwarf;
				ENABLE_STRICT_OBJC_MSGSEND = YES;
				ENABLE_TESTABILITY = YES;
				GCC_C_LANGUAGE_STANDARD = gnu11;
				GCC_DYNAMIC_NO_PIC = NO;
				GCC_NO_COMMON_BLOCKS = YES;
				GCC_OPTIMIZATION_LEVEL = 0;
				GCC_PREPROCESSOR_DEFINITIONS = (
					"DEBUG=1",
					"$(inherited)",
				);
				GCC_WARN_64_TO_32_BIT_CONVERSION = YES;
				GCC_WARN_ABOUT_RETURN_TYPE = YES_ERROR;
				GCC_WARN_UNDECLARED_SELECTOR = YES;
				GCC_WARN_UNINITIALIZED_AUTOS = YES_AGGRESSIVE;
				GCC_WARN_UNUSED_FUNCTION = YES;
				GCC_WARN_UNUSED_VARIABLE = YES;
				IPHONEOS_DEPLOYMENT_TARGET = 13.0;
				MTL_ENABLE_DEBUG_INFO = INCLUDE_SOURCE;
				MTL_FAST_MATH = YES;
				ONLY_ACTIVE_ARCH = YES;
				SDKROOT = iphoneos;
				SWIFT_ACTIVE_COMPILATION_CONDITIONS = DEBUG;
				SWIFT_OPTIMIZATION_LEVEL = "-Onone";
			};
			name = Debug;
		};
		11E9F94428DA62FB0040D7B3 /* Release */ = {
			isa = XCBuildConfiguration;
			buildSettings = {
				ALWAYS_SEARCH_USER_PATHS = NO;
				CLANG_ANALYZER_NONNULL = YES;
				CLANG_ANALYZER_NUMBER_OBJECT_CONVERSION = YES_AGGRESSIVE;
				CLANG_CXX_LANGUAGE_STANDARD = "gnu++20";
				CLANG_ENABLE_MODULES = YES;
				CLANG_ENABLE_OBJC_ARC = YES;
				CLANG_ENABLE_OBJC_WEAK = YES;
				CLANG_WARN_BLOCK_CAPTURE_AUTORELEASING = YES;
				CLANG_WARN_BOOL_CONVERSION = YES;
				CLANG_WARN_COMMA = YES;
				CLANG_WARN_CONSTANT_CONVERSION = YES;
				CLANG_WARN_DEPRECATED_OBJC_IMPLEMENTATIONS = YES;
				CLANG_WARN_DIRECT_OBJC_ISA_USAGE = YES_ERROR;
				CLANG_WARN_DOCUMENTATION_COMMENTS = YES;
				CLANG_WARN_EMPTY_BODY = YES;
				CLANG_WARN_ENUM_CONVERSION = YES;
				CLANG_WARN_INFINITE_RECURSION = YES;
				CLANG_WARN_INT_CONVERSION = YES;
				CLANG_WARN_NON_LITERAL_NULL_CONVERSION = YES;
				CLANG_WARN_OBJC_IMPLICIT_RETAIN_SELF = YES;
				CLANG_WARN_OBJC_LITERAL_CONVERSION = YES;
				CLANG_WARN_OBJC_ROOT_CLASS = YES_ERROR;
				CLANG_WARN_QUOTED_INCLUDE_IN_FRAMEWORK_HEADER = YES;
				CLANG_WARN_RANGE_LOOP_ANALYSIS = YES;
				CLANG_WARN_STRICT_PROTOTYPES = YES;
				CLANG_WARN_SUSPICIOUS_MOVE = YES;
				CLANG_WARN_UNGUARDED_AVAILABILITY = YES_AGGRESSIVE;
				CLANG_WARN_UNREACHABLE_CODE = YES;
				CLANG_WARN__DUPLICATE_METHOD_MATCH = YES;
				COPY_PHASE_STRIP = NO;
				DEBUG_INFORMATION_FORMAT = "dwarf-with-dsym";
				ENABLE_NS_ASSERTIONS = NO;
				ENABLE_STRICT_OBJC_MSGSEND = YES;
				GCC_C_LANGUAGE_STANDARD = gnu11;
				GCC_NO_COMMON_BLOCKS = YES;
				GCC_WARN_64_TO_32_BIT_CONVERSION = YES;
				GCC_WARN_ABOUT_RETURN_TYPE = YES_ERROR;
				GCC_WARN_UNDECLARED_SELECTOR = YES;
				GCC_WARN_UNINITIALIZED_AUTOS = YES_AGGRESSIVE;
				GCC_WARN_UNUSED_FUNCTION = YES;
				GCC_WARN_UNUSED_VARIABLE = YES;
				IPHONEOS_DEPLOYMENT_TARGET = 13.0;
				MTL_ENABLE_DEBUG_INFO = NO;
				MTL_FAST_MATH = YES;
				SDKROOT = iphoneos;
				SWIFT_COMPILATION_MODE = wholemodule;
				SWIFT_OPTIMIZATION_LEVEL = "-O";
				VALIDATE_PRODUCT = YES;
			};
			name = Release;
		};
		11E9F94628DA62FB0040D7B3 /* Debug */ = {
			isa = XCBuildConfiguration;
			baseConfigurationReference = FF55F4CEB1817B31FF7D6A50 /* Pods-Recipes.debug.xcconfig */;
			buildSettings = {
				ASSETCATALOG_COMPILER_APPICON_NAME = AppIcon;
				ASSETCATALOG_COMPILER_GLOBAL_ACCENT_COLOR_NAME = AccentColor;
				CODE_SIGN_STYLE = Automatic;
				CURRENT_PROJECT_VERSION = 1;
				DEVELOPMENT_TEAM = 3V6USXUV59;
				GENERATE_INFOPLIST_FILE = YES;
				INFOPLIST_FILE = Recipes/Resources/Info.plist;
				INFOPLIST_KEY_UIApplicationSupportsIndirectInputEvents = YES;
				INFOPLIST_KEY_UILaunchStoryboardName = LaunchScreen;
				INFOPLIST_KEY_UISupportedInterfaceOrientations = UIInterfaceOrientationPortrait;
				LD_RUNPATH_SEARCH_PATHS = (
					"$(inherited)",
					"@executable_path/Frameworks",
				);
				MACOSX_DEPLOYMENT_TARGET = 11.0;
				MARKETING_VERSION = 1.0;
				PRODUCT_BUNDLE_IDENTIFIER = com.nick.Recipes;
				PRODUCT_NAME = "$(TARGET_NAME)";
				SWIFT_EMIT_LOC_STRINGS = YES;
				SWIFT_VERSION = 5.0;
				TARGETED_DEVICE_FAMILY = "1,2";
				TVOS_DEPLOYMENT_TARGET = 13.0;
			};
			name = Debug;
		};
		11E9F94728DA62FB0040D7B3 /* Release */ = {
			isa = XCBuildConfiguration;
			baseConfigurationReference = 5644FBC5471E566D2DE719C7 /* Pods-Recipes.release.xcconfig */;
			buildSettings = {
				ASSETCATALOG_COMPILER_APPICON_NAME = AppIcon;
				ASSETCATALOG_COMPILER_GLOBAL_ACCENT_COLOR_NAME = AccentColor;
				CODE_SIGN_STYLE = Automatic;
				CURRENT_PROJECT_VERSION = 1;
				DEVELOPMENT_TEAM = 3V6USXUV59;
				GENERATE_INFOPLIST_FILE = YES;
				INFOPLIST_FILE = Recipes/Resources/Info.plist;
				INFOPLIST_KEY_UIApplicationSupportsIndirectInputEvents = YES;
				INFOPLIST_KEY_UILaunchStoryboardName = LaunchScreen;
				INFOPLIST_KEY_UISupportedInterfaceOrientations = UIInterfaceOrientationPortrait;
				LD_RUNPATH_SEARCH_PATHS = (
					"$(inherited)",
					"@executable_path/Frameworks",
				);
				MACOSX_DEPLOYMENT_TARGET = 11.0;
				MARKETING_VERSION = 1.0;
				PRODUCT_BUNDLE_IDENTIFIER = com.nick.Recipes;
				PRODUCT_NAME = "$(TARGET_NAME)";
				SWIFT_EMIT_LOC_STRINGS = YES;
				SWIFT_VERSION = 5.0;
				TARGETED_DEVICE_FAMILY = "1,2";
				TVOS_DEPLOYMENT_TARGET = 13.0;
			};
			name = Release;
		};
/* End XCBuildConfiguration section */

/* Begin XCConfigurationList section */
		11E9F92928DA62F90040D7B3 /* Build configuration list for PBXProject "Recipes" */ = {
			isa = XCConfigurationList;
			buildConfigurations = (
				11E9F94328DA62FB0040D7B3 /* Debug */,
				11E9F94428DA62FB0040D7B3 /* Release */,
			);
			defaultConfigurationIsVisible = 0;
			defaultConfigurationName = Release;
		};
		11E9F94528DA62FB0040D7B3 /* Build configuration list for PBXNativeTarget "Recipes" */ = {
			isa = XCConfigurationList;
			buildConfigurations = (
				11E9F94628DA62FB0040D7B3 /* Debug */,
				11E9F94728DA62FB0040D7B3 /* Release */,
			);
			defaultConfigurationIsVisible = 0;
			defaultConfigurationName = Release;
		};
/* End XCConfigurationList section */

/* Begin XCVersionGroup section */
		11E9F93A28DA62F90040D7B3 /* Recipes.xcdatamodeld */ = {
			isa = XCVersionGroup;
			children = (
				11E9F93B28DA62F90040D7B3 /* Recipes.xcdatamodel */,
			);
			currentVersion = 11E9F93B28DA62F90040D7B3 /* Recipes.xcdatamodel */;
			path = Recipes.xcdatamodeld;
			sourceTree = "<group>";
			versionGroupType = wrapper.xcdatamodel;
		};
/* End XCVersionGroup section */
	};
	rootObject = 11E9F92628DA62F90040D7B3 /* Project object */;
}
